
Microsoft Visual Studio Solution File, Format Version 12.00
# Visual Studio Version 16
VisualStudioVersion = 16.0.30011.22
MinimumVisualStudioVersion = 10.0.40219.1
Project("{FAE04EC0-301F-11D3-BF4B-00C04F79EFBC}") = "ProiectMediiBahmataRadu", "ProiectMediiBahmataRadu.csproj", "{52455753-41E6-4D0A-979E-65B6CA394BB1}"
EndProject
Project("{FAE04EC0-301F-11D3-BF4B-00C04F79EFBC}") = "AgentieModel", "AgentieModel\AgentieModel.csproj", "{40FB59D5-3846-4E33-B226-67565584007B}"
EndProject
Global
	GlobalSection(SolutionConfigurationPlatforms) = preSolution
		Debug|Any CPU = Debug|Any CPU
		Release|Any CPU = Release|Any CPU
	EndGlobalSection
	GlobalSection(ProjectConfigurationPlatforms) = postSolution
		{52455753-41E6-4D0A-979E-65B6CA394BB1}.Debug|Any CPU.ActiveCfg = Debug|Any CPU
		{52455753-41E6-4D0A-979E-65B6CA394BB1}.Debug|Any CPU.Build.0 = Debug|Any CPU
		{52455753-41E6-4D0A-979E-65B6CA394BB1}.Release|Any CPU.ActiveCfg = Release|Any CPU
		{52455753-41E6-4D0A-979E-65B6CA394BB1}.Release|Any CPU.Build.0 = Release|Any CPU
		{40FB59D5-3846-4E33-B226-67565584007B}.Debug|Any CPU.ActiveCfg = Debug|Any CPU
		{40FB59D5-3846-4E33-B226-67565584007B}.Debug|Any CPU.Build.0 = Debug|Any CPU
		{40FB59D5-3846-4E33-B226-67565584007B}.Release|Any CPU.ActiveCfg = Release|Any CPU
		{40FB59D5-3846-4E33-B226-67565584007B}.Release|Any CPU.Build.0 = Release|Any CPU
	EndGlobalSection
	GlobalSection(SolutionProperties) = preSolution
		HideSolutionNode = FALSE
	EndGlobalSection
	GlobalSection(ExtensibilityGlobals) = postSolution
		SolutionGuid = {A24490B8-F8A0-47FA-96DF-B3C16325AB78}
	EndGlobalSection
EndGlobal
